// !$*UTF8*$!
{
	archiveVersion = 1;
	classes = {
	};
	objectVersion = 46;
	objects = {

/* Begin PBXBuildFile section */
		0C11ABE81E5A8AD30038AD8C /* AppDelegate.swift in Sources */ = {isa = PBXBuildFile; fileRef = 0C11ABE71E5A8AD30038AD8C /* AppDelegate.swift */; };
		0C11ABEA1E5A8AD30038AD8C /* ViewController.swift in Sources */ = {isa = PBXBuildFile; fileRef = 0C11ABE91E5A8AD30038AD8C /* ViewController.swift */; };
		0C11ABED1E5A8AD30038AD8C /* Main.storyboard in Resources */ = {isa = PBXBuildFile; fileRef = 0C11ABEB1E5A8AD30038AD8C /* Main.storyboard */; };
		0C11ABEF1E5A8AD30038AD8C /* Assets.xcassets in Resources */ = {isa = PBXBuildFile; fileRef = 0C11ABEE1E5A8AD30038AD8C /* Assets.xcassets */; };
		0C11ABF21E5A8AD30038AD8C /* LaunchScreen.storyboard in Resources */ = {isa = PBXBuildFile; fileRef = 0C11ABF01E5A8AD30038AD8C /* LaunchScreen.storyboard */; };
		0C11ABFA1E5A8E360038AD8C /* pokemon.csv in Resources */ = {isa = PBXBuildFile; fileRef = 0C11ABF91E5A8E360038AD8C /* pokemon.csv */; };
		0C11ABFE1E5A90150038AD8C /* Pokemon.swift in Sources */ = {isa = PBXBuildFile; fileRef = 0C11ABFD1E5A90150038AD8C /* Pokemon.swift */; };
		0C11AC011E5A94910038AD8C /* PokeCell.swift in Sources */ = {isa = PBXBuildFile; fileRef = 0C11AC001E5A94910038AD8C /* PokeCell.swift */; };
		0C11AC031E5A9C100038AD8C /* csv.swift in Sources */ = {isa = PBXBuildFile; fileRef = 0C11AC021E5A9C100038AD8C /* csv.swift */; };
		0C11AC0A1E5AA2710038AD8C /* music.mp3 in Resources */ = {isa = PBXBuildFile; fileRef = 0C11AC081E5AA2710038AD8C /* music.mp3 */; };
		0C11AC0B1E5AA2710038AD8C /* music.png in Resources */ = {isa = PBXBuildFile; fileRef = 0C11AC091E5AA2710038AD8C /* music.png */; };
		0C95483C1E5ADBC600E392E5 /* PokemonDetailVC.swift in Sources */ = {isa = PBXBuildFile; fileRef = 0C95483B1E5ADBC600E392E5 /* PokemonDetailVC.swift */; };
		0CA3E9A61E5BCCCA006FEE69 /* Constants.swift in Sources */ = {isa = PBXBuildFile; fileRef = 0CA3E9A51E5BCCCA006FEE69 /* Constants.swift */; };
		7CA09A41B7C7548487061D35 /* Pods_pokedex3.framework in Frameworks */ = {isa = PBXBuildFile; fileRef = 3AACC76249924B302CA19886 /* Pods_pokedex3.framework */; };
/* End PBXBuildFile section */

/* Begin PBXFileReference section */
		0C11ABE41E5A8AD30038AD8C /* pokedex3.app */ = {isa = PBXFileReference; explicitFileType = wrapper.application; includeInIndex = 0; path = pokedex3.app; sourceTree = BUILT_PRODUCTS_DIR; };
		0C11ABE71E5A8AD30038AD8C /* AppDelegate.swift */ = {isa = PBXFileReference; lastKnownFileType = sourcecode.swift; path = AppDelegate.swift; sourceTree = "<group>"; };
		0C11ABE91E5A8AD30038AD8C /* ViewController.swift */ = {isa = PBXFileReference; lastKnownFileType = sourcecode.swift; path = ViewController.swift; sourceTree = "<group>"; };
		0C11ABEC1E5A8AD30038AD8C /* Base */ = {isa = PBXFileReference; lastKnownFileType = file.storyboard; name = Base; path = Base.lproj/Main.storyboard; sourceTree = "<group>"; };
		0C11ABEE1E5A8AD30038AD8C /* Assets.xcassets */ = {isa = PBXFileReference; lastKnownFileType = folder.assetcatalog; path = Assets.xcassets; sourceTree = "<group>"; };
		0C11ABF11E5A8AD30038AD8C /* Base */ = {isa = PBXFileReference; lastKnownFileType = file.storyboard; name = Base; path = Base.lproj/LaunchScreen.storyboard; sourceTree = "<group>"; };
		0C11ABF31E5A8AD30038AD8C /* Info.plist */ = {isa = PBXFileReference; lastKnownFileType = text.plist.xml; path = Info.plist; sourceTree = "<group>"; };
		0C11ABF91E5A8E360038AD8C /* pokemon.csv */ = {isa = PBXFileReference; fileEncoding = 4; lastKnownFileType = text; path = pokemon.csv; sourceTree = "<group>"; };
		0C11ABFD1E5A90150038AD8C /* Pokemon.swift */ = {isa = PBXFileReference; fileEncoding = 4; lastKnownFileType = sourcecode.swift; path = Pokemon.swift; sourceTree = "<group>"; };
		0C11AC001E5A94910038AD8C /* PokeCell.swift */ = {isa = PBXFileReference; fileEncoding = 4; lastKnownFileType = sourcecode.swift; path = PokeCell.swift; sourceTree = "<group>"; };
		0C11AC021E5A9C100038AD8C /* csv.swift */ = {isa = PBXFileReference; fileEncoding = 4; lastKnownFileType = sourcecode.swift; path = csv.swift; sourceTree = "<group>"; };
		0C11AC041E5AA03B0038AD8C /* PokemonHollow.ttf */ = {isa = PBXFileReference; lastKnownFileType = file; path = PokemonHollow.ttf; sourceTree = "<group>"; };
		0C11AC051E5AA03B0038AD8C /* PokemonSolid.ttf */ = {isa = PBXFileReference; lastKnownFileType = file; path = PokemonSolid.ttf; sourceTree = "<group>"; };
		0C11AC081E5AA2710038AD8C /* music.mp3 */ = {isa = PBXFileReference; lastKnownFileType = audio.mp3; path = music.mp3; sourceTree = "<group>"; };
		0C11AC091E5AA2710038AD8C /* music.png */ = {isa = PBXFileReference; lastKnownFileType = image.png; path = music.png; sourceTree = "<group>"; };
		0C95483B1E5ADBC600E392E5 /* PokemonDetailVC.swift */ = {isa = PBXFileReference; fileEncoding = 4; lastKnownFileType = sourcecode.swift; path = PokemonDetailVC.swift; sourceTree = "<group>"; };
		0CA3E9A51E5BCCCA006FEE69 /* Constants.swift */ = {isa = PBXFileReference; fileEncoding = 4; lastKnownFileType = sourcecode.swift; path = Constants.swift; sourceTree = "<group>"; };
		3AACC76249924B302CA19886 /* Pods_pokedex3.framework */ = {isa = PBXFileReference; explicitFileType = wrapper.framework; includeInIndex = 0; path = Pods_pokedex3.framework; sourceTree = BUILT_PRODUCTS_DIR; };
		C1BF10820A5EF3CBFC29E164 /* Pods-pokedex3.debug.xcconfig */ = {isa = PBXFileReference; includeInIndex = 1; lastKnownFileType = text.xcconfig; name = "Pods-pokedex3.debug.xcconfig"; path = "Pods/Target Support Files/Pods-pokedex3/Pods-pokedex3.debug.xcconfig"; sourceTree = "<group>"; };
		D037811EDE439BE7FA174B38 /* Pods-pokedex3.release.xcconfig */ = {isa = PBXFileReference; includeInIndex = 1; lastKnownFileType = text.xcconfig; name = "Pods-pokedex3.release.xcconfig"; path = "Pods/Target Support Files/Pods-pokedex3/Pods-pokedex3.release.xcconfig"; sourceTree = "<group>"; };
/* End PBXFileReference section */

/* Begin PBXFrameworksBuildPhase section */
		0C11ABE11E5A8AD30038AD8C /* Frameworks */ = {
			isa = PBXFrameworksBuildPhase;
			buildActionMask = 2147483647;
			files = (
				7CA09A41B7C7548487061D35 /* Pods_pokedex3.framework in Frameworks */,
			);
			runOnlyForDeploymentPostprocessing = 0;
		};
/* End PBXFrameworksBuildPhase section */

/* Begin PBXGroup section */
		0C11ABDB1E5A8AD20038AD8C = {
			isa = PBXGroup;
			children = (
				0C11ABE61E5A8AD30038AD8C /* pokedex3 */,
				0C11ABE51E5A8AD30038AD8C /* Products */,
				50BAFCF0899508D269C4974D /* Pods */,
				6EDF6ED457E973531E6EB3D0 /* Frameworks */,
			);
			sourceTree = "<group>";
		};
		0C11ABE51E5A8AD30038AD8C /* Products */ = {
			isa = PBXGroup;
			children = (
				0C11ABE41E5A8AD30038AD8C /* pokedex3.app */,
			);
			name = Products;
			sourceTree = "<group>";
		};
		0C11ABE61E5A8AD30038AD8C /* pokedex3 */ = {
			isa = PBXGroup;
			children = (
				0C11ABFB1E5A8FD00038AD8C /* Model */,
				0C11ABFF1E5A94730038AD8C /* View */,
				0C11ABFC1E5A8FD70038AD8C /* Controller */,
				0C11AC061E5AA0650038AD8C /* Resources */,
				0C11AC071E5AA0970038AD8C /* Util */,
				0C11ABE71E5A8AD30038AD8C /* AppDelegate.swift */,
				0C11ABF01E5A8AD30038AD8C /* LaunchScreen.storyboard */,
				0C11ABEB1E5A8AD30038AD8C /* Main.storyboard */,
				0C11ABEE1E5A8AD30038AD8C /* Assets.xcassets */,
				0C11ABF31E5A8AD30038AD8C /* Info.plist */,
			);
			path = pokedex3;
			sourceTree = "<group>";
		};
		0C11ABFB1E5A8FD00038AD8C /* Model */ = {
			isa = PBXGroup;
			children = (
				0C11ABFD1E5A90150038AD8C /* Pokemon.swift */,
			);
			name = Model;
			sourceTree = "<group>";
		};
		0C11ABFC1E5A8FD70038AD8C /* Controller */ = {
			isa = PBXGroup;
			children = (
				0C11ABE91E5A8AD30038AD8C /* ViewController.swift */,
				0C95483B1E5ADBC600E392E5 /* PokemonDetailVC.swift */,
			);
			name = Controller;
			sourceTree = "<group>";
		};
		0C11ABFF1E5A94730038AD8C /* View */ = {
			isa = PBXGroup;
			children = (
				0C11AC001E5A94910038AD8C /* PokeCell.swift */,
			);
			name = View;
			sourceTree = "<group>";
		};
		0C11AC061E5AA0650038AD8C /* Resources */ = {
			isa = PBXGroup;
			children = (
				0C11AC081E5AA2710038AD8C /* music.mp3 */,
				0C11AC091E5AA2710038AD8C /* music.png */,
				0C11AC041E5AA03B0038AD8C /* PokemonHollow.ttf */,
				0C11AC051E5AA03B0038AD8C /* PokemonSolid.ttf */,
				0C11ABF91E5A8E360038AD8C /* pokemon.csv */,
			);
			name = Resources;
			sourceTree = "<group>";
		};
		0C11AC071E5AA0970038AD8C /* Util */ = {
			isa = PBXGroup;
			children = (
				0C11AC021E5A9C100038AD8C /* csv.swift */,
				0CA3E9A51E5BCCCA006FEE69 /* Constants.swift */,
			);
			name = Util;
			sourceTree = "<group>";
		};
		50BAFCF0899508D269C4974D /* Pods */ = {
			isa = PBXGroup;
			children = (
				C1BF10820A5EF3CBFC29E164 /* Pods-pokedex3.debug.xcconfig */,
				D037811EDE439BE7FA174B38 /* Pods-pokedex3.release.xcconfig */,
			);
			name = Pods;
			sourceTree = "<group>";
		};
		6EDF6ED457E973531E6EB3D0 /* Frameworks */ = {
			isa = PBXGroup;
			children = (
				3AACC76249924B302CA19886 /* Pods_pokedex3.framework */,
			);
			name = Frameworks;
			sourceTree = "<group>";
		};
/* End PBXGroup section */

/* Begin PBXNativeTarget section */
		0C11ABE31E5A8AD30038AD8C /* pokedex3 */ = {
			isa = PBXNativeTarget;
			buildConfigurationList = 0C11ABF61E5A8AD30038AD8C /* Build configuration list for PBXNativeTarget "pokedex3" */;
			buildPhases = (
				638FC0C31C45CF67DA5F5C10 /* [CP] Check Pods Manifest.lock */,
				0C11ABE01E5A8AD30038AD8C /* Sources */,
				0C11ABE11E5A8AD30038AD8C /* Frameworks */,
				0C11ABE21E5A8AD30038AD8C /* Resources */,
				8E77AECC7FCBA94601374645 /* [CP] Embed Pods Frameworks */,
				0E1E15EE826AA3B0EB2EE671 /* [CP] Copy Pods Resources */,
			);
			buildRules = (
			);
			dependencies = (
			);
			name = pokedex3;
			productName = pokedex3;
			productReference = 0C11ABE41E5A8AD30038AD8C /* pokedex3.app */;
			productType = "com.apple.product-type.application";
		};
/* End PBXNativeTarget section */

/* Begin PBXProject section */
		0C11ABDC1E5A8AD20038AD8C /* Project object */ = {
			isa = PBXProject;
			attributes = {
				LastSwiftUpdateCheck = 0820;
				LastUpgradeCheck = 0820;
				ORGANIZATIONNAME = "Eric Hoi";
				TargetAttributes = {
					0C11ABE31E5A8AD30038AD8C = {
						CreatedOnToolsVersion = 8.2.1;
						LastSwiftMigration = 0820;
						ProvisioningStyle = Automatic;
					};
				};
			};
			buildConfigurationList = 0C11ABDF1E5A8AD20038AD8C /* Build configuration list for PBXProject "pokedex3" */;
			compatibilityVersion = "Xcode 3.2";
			developmentRegion = English;
			hasScannedForEncodings = 0;
			knownRegions = (
				en,
				Base,
			);
			mainGroup = 0C11ABDB1E5A8AD20038AD8C;
			productRefGroup = 0C11ABE51E5A8AD30038AD8C /* Products */;
			projectDirPath = "";
			projectRoot = "";
			targets = (
				0C11ABE31E5A8AD30038AD8C /* pokedex3 */,
			);
		};
/* End PBXProject section */

/* Begin PBXResourcesBuildPhase section */
		0C11ABE21E5A8AD30038AD8C /* Resources */ = {
			isa = PBXResourcesBuildPhase;
			buildActionMask = 2147483647;
			files = (
				0C11AC0A1E5AA2710038AD8C /* music.mp3 in Resources */,
				0C11ABF21E5A8AD30038AD8C /* LaunchScreen.storyboard in Resources */,
				0C11ABEF1E5A8AD30038AD8C /* Assets.xcassets in Resources */,
				0C11ABFA1E5A8E360038AD8C /* pokemon.csv in Resources */,
				0C11ABED1E5A8AD30038AD8C /* Main.storyboard in Resources */,
				0C11AC0B1E5AA2710038AD8C /* music.png in Resources */,
			);
			runOnlyForDeploymentPostprocessing = 0;
		};
/* End PBXResourcesBuildPhase section */

/* Begin PBXShellScriptBuildPhase section */
		0E1E15EE826AA3B0EB2EE671 /* [CP] Copy Pods Resources */ = {
			isa = PBXShellScriptBuildPhase;
			buildActionMask = 2147483647;
			files = (
			);
			inputPaths = (
			);
			name = "[CP] Copy Pods Resources";
			outputPaths = (
			);
			runOnlyForDeploymentPostprocessing = 0;
			shellPath = /bin/sh;
			shellScript = "\"${SRCROOT}/Pods/Target Support Files/Pods-pokedex3/Pods-pokedex3-resources.sh\"\n";
			showEnvVarsInLog = 0;
		};
		638FC0C31C45CF67DA5F5C10 /* [CP] Check Pods Manifest.lock */ = {
			isa = PBXShellScriptBuildPhase;
			buildActionMask = 2147483647;
			files = (
			);
			inputPaths = (
			);
			name = "[CP] Check Pods Manifest.lock";
			outputPaths = (
			);
			runOnlyForDeploymentPostprocessing = 0;
			shellPath = /bin/sh;
			shellScript = "diff \"${PODS_ROOT}/../Podfile.lock\" \"${PODS_ROOT}/Manifest.lock\" > /dev/null\nif [ $? != 0 ] ; then\n    # print error to STDERR\n    echo \"error: The sandbox is not in sync with the Podfile.lock. Run 'pod install' or update your CocoaPods installation.\" >&2\n    exit 1\nfi\n";
			showEnvVarsInLog = 0;
		};
		8E77AECC7FCBA94601374645 /* [CP] Embed Pods Frameworks */ = {
			isa = PBXShellScriptBuildPhase;
			buildActionMask = 2147483647;
			files = (
			);
			inputPaths = (
			);
			name = "[CP] Embed Pods Frameworks";
			outputPaths = (
			);
			runOnlyForDeploymentPostprocessing = 0;
			shellPath = /bin/sh;
			shellScript = "\"${SRCROOT}/Pods/Target Support Files/Pods-pokedex3/Pods-pokedex3-frameworks.sh\"\n";
			showEnvVarsInLog = 0;
		};
/* End PBXShellScriptBuildPhase section */

/* Begin PBXSourcesBuildPhase section */
		0C11ABE01E5A8AD30038AD8C /* Sources */ = {
			isa = PBXSourcesBuildPhase;
			buildActionMask = 2147483647;
			files = (
				0C11AC011E5A94910038AD8C /* PokeCell.swift in Sources */,
				0C11ABEA1E5A8AD30038AD8C /* ViewController.swift in Sources */,
				0C11ABE81E5A8AD30038AD8C /* AppDelegate.swift in Sources */,
				0C95483C1E5ADBC600E392E5 /* PokemonDetailVC.swift in Sources */,
				0CA3E9A61E5BCCCA006FEE69 /* Constants.swift in Sources */,
				0C11ABFE1E5A90150038AD8C /* Pokemon.swift in Sources */,
				0C11AC031E5A9C100038AD8C /* csv.swift in Sources */,
			);
			runOnlyForDeploymentPostprocessing = 0;
		};
/* End PBXSourcesBuildPhase section */

/* Begin PBXVariantGroup section */
		0C11ABEB1E5A8AD30038AD8C /* Main.storyboard */ = {
			isa = PBXVariantGroup;
			children = (
				0C11ABEC1E5A8AD30038AD8C /* Base */,
			);
			name = Main.storyboard;
			sourceTree = "<group>";
		};
		0C11ABF01E5A8AD30038AD8C /* LaunchScreen.storyboard */ = {
			isa = PBXVariantGroup;
			children = (
				0C11ABF11E5A8AD30038AD8C /* Base */,
			);
			name = LaunchScreen.storyboard;
			sourceTree = "<group>";
		};
/* End PBXVariantGroup section */

/* Begin XCBuildConfiguration section */
		0C11ABF41E5A8AD30038AD8C /* Debug */ = {
			isa = XCBuildConfiguration;
			buildSettings = {
				ALWAYS_SEARCH_USER_PATHS = NO;
				CLANG_ANALYZER_NONNULL = YES;
				CLANG_CXX_LANGUAGE_STANDARD = "gnu++0x";
				CLANG_CXX_LIBRARY = "libc++";
				CLANG_ENABLE_MODULES = YES;
				CLANG_ENABLE_OBJC_ARC = YES;
				CLANG_WARN_BOOL_CONVERSION = YES;
				CLANG_WARN_CONSTANT_CONVERSION = YES;
				CLANG_WARN_DIRECT_OBJC_ISA_USAGE = YES_ERROR;
				CLANG_WARN_DOCUMENTATION_COMMENTS = YES;
				CLANG_WARN_EMPTY_BODY = YES;
				CLANG_WARN_ENUM_CONVERSION = YES;
				CLANG_WARN_INFINITE_RECURSION = YES;
				CLANG_WARN_INT_CONVERSION = YES;
				CLANG_WARN_OBJC_ROOT_CLASS = YES_ERROR;
				CLANG_WARN_SUSPICIOUS_MOVE = YES;
				CLANG_WARN_UNREACHABLE_CODE = YES;
				CLANG_WARN__DUPLICATE_METHOD_MATCH = YES;
				"CODE_SIGN_IDENTITY[sdk=iphoneos*]" = "iPhone Developer";
				COPY_PHASE_STRIP = NO;
				DEBUG_INFORMATION_FORMAT = dwarf;
				ENABLE_STRICT_OBJC_MSGSEND = YES;
				ENABLE_TESTABILITY = YES;
				GCC_C_LANGUAGE_STANDARD = gnu99;
				GCC_DYNAMIC_NO_PIC = NO;
				GCC_NO_COMMON_BLOCKS = YES;
				GCC_OPTIMIZATION_LEVEL = 0;
				GCC_PREPROCESSOR_DEFINITIONS = (
					"DEBUG=1",
					"$(inherited)",
				);
				GCC_WARN_64_TO_32_BIT_CONVERSION = YES;
				GCC_WARN_ABOUT_RETURN_TYPE = YES_ERROR;
				GCC_WARN_UNDECLARED_SELECTOR = YES;
				GCC_WARN_UNINITIALIZED_AUTOS = YES_AGGRESSIVE;
				GCC_WARN_UNUSED_FUNCTION = YES;
				GCC_WARN_UNUSED_VARIABLE = YES;
				IPHONEOS_DEPLOYMENT_TARGET = 10.2;
				MTL_ENABLE_DEBUG_INFO = YES;
				ONLY_ACTIVE_ARCH = YES;
				SDKROOT = iphoneos;
				SWIFT_ACTIVE_COMPILATION_CONDITIONS = DEBUG;
				SWIFT_OPTIMIZATION_LEVEL = "-Onone";
			};
			name = Debug;
		};
		0C11ABF51E5A8AD30038AD8C /* Release */ = {
			isa = XCBuildConfiguration;
			buildSettings = {
				ALWAYS_SEARCH_USER_PATHS = NO;
				CLANG_ANALYZER_NONNULL = YES;
				CLANG_CXX_LANGUAGE_STANDARD = "gnu++0x";
				CLANG_CXX_LIBRARY = "libc++";
				CLANG_ENABLE_MODULES = YES;
				CLANG_ENABLE_OBJC_ARC = YES;
				CLANG_WARN_BOOL_CONVERSION = YES;
				CLANG_WARN_CONSTANT_CONVERSION = YES;
				CLANG_WARN_DIRECT_OBJC_ISA_USAGE = YES_ERROR;
				CLANG_WARN_DOCUMENTATION_COMMENTS = YES;
				CLANG_WARN_EMPTY_BODY = YES;
				CLANG_WARN_ENUM_CONVERSION = YES;
				CLANG_WARN_INFINITE_RECURSION = YES;
				CLANG_WARN_INT_CONVERSION = YES;
				CLANG_WARN_OBJC_ROOT_CLASS = YES_ERROR;
				CLANG_WARN_SUSPICIOUS_MOVE = YES;
				CLANG_WARN_UNREACHABLE_CODE = YES;
				CLANG_WARN__DUPLICATE_METHOD_MATCH = YES;
				"CODE_SIGN_IDENTITY[sdk=iphoneos*]" = "iPhone Developer";
				COPY_PHASE_STRIP = NO;
				DEBUG_INFORMATION_FORMAT = "dwarf-with-dsym";
				ENABLE_NS_ASSERTIONS = NO;
				ENABLE_STRICT_OBJC_MSGSEND = YES;
				GCC_C_LANGUAGE_STANDARD = gnu99;
				GCC_NO_COMMON_BLOCKS = YES;
				GCC_WARN_64_TO_32_BIT_CONVERSION = YES;
				GCC_WARN_ABOUT_RETURN_TYPE = YES_ERROR;
				GCC_WARN_UNDECLARED_SELECTOR = YES;
				GCC_WARN_UNINITIALIZED_AUTOS = YES_AGGRESSIVE;
				GCC_WARN_UNUSED_FUNCTION = YES;
				GCC_WARN_UNUSED_VARIABLE = YES;
				IPHONEOS_DEPLOYMENT_TARGET = 10.2;
				MTL_ENABLE_DEBUG_INFO = NO;
				SDKROOT = iphoneos;
				SWIFT_OPTIMIZATION_LEVEL = "-Owholemodule";
				VALIDATE_PRODUCT = YES;
			};
			name = Release;
		};
		0C11ABF71E5A8AD30038AD8C /* Debug */ = {
			isa = XCBuildConfiguration;
			baseConfigurationReference = C1BF10820A5EF3CBFC29E164 /* Pods-pokedex3.debug.xcconfig */;
			buildSettings = {
				ASSETCATALOG_COMPILER_APPICON_NAME = AppIcon;
				INFOPLIST_FILE = pokedex3/Info.plist;
				LD_RUNPATH_SEARCH_PATHS = "$(inherited) @executable_path/Frameworks";
				PRODUCT_BUNDLE_IDENTIFIER = com.ericStudio.pokedex3;
				PRODUCT_NAME = "$(TARGET_NAME)";
				SWIFT_VERSION = 3.0;
			};
			name = Debug;
		};
		0C11ABF81E5A8AD30038AD8C /* Release */ = {
			isa = XCBuildConfiguration;
			baseConfigurationReference = D037811EDE439BE7FA174B38 /* Pods-pokedex3.release.xcconfig */;
			buildSettings = {
				ASSETCATALOG_COMPILER_APPICON_NAME = AppIcon;
				INFOPLIST_FILE = pokedex3/Info.plist;
				LD_RUNPATH_SEARCH_PATHS = "$(inherited) @executable_path/Frameworks";
				PRODUCT_BUNDLE_IDENTIFIER = com.ericStudio.pokedex3;
				PRODUCT_NAME = "$(TARGET_NAME)";
				SWIFT_VERSION = 3.0;
			};
			name = Release;
		};
/* End XCBuildConfiguration section */

/* Begin XCConfigurationList section */
		0C11ABDF1E5A8AD20038AD8C /* Build configuration list for PBXProject "pokedex3" */ = {
			isa = XCConfigurationList;
			buildConfigurations = (
				0C11ABF41E5A8AD30038AD8C /* Debug */,
				0C11ABF51E5A8AD30038AD8C /* Release */,
			);
			defaultConfigurationIsVisible = 0;
			defaultConfigurationName = Release;
		};
		0C11ABF61E5A8AD30038AD8C /* Build configuration list for PBXNativeTarget "pokedex3" */ = {
			isa = XCConfigurationList;
			buildConfigurations = (
				0C11ABF71E5A8AD30038AD8C /* Debug */,
				0C11ABF81E5A8AD30038AD8C /* Release */,
			);
			defaultConfigurationIsVisible = 0;
			defaultConfigurationName = Release;
		};
/* End XCConfigurationList section */
	};
	rootObject = 0C11ABDC1E5A8AD20038AD8C /* Project object */;
}
